
Microsoft Visual Studio Solution File, Format Version 12.00
# Visual Studio Version 17
VisualStudioVersion = 17.5.002.0
MinimumVisualStudioVersion = 10.0.40219.1
Project("{9A19103F-16F7-4668-BE54-9A1E7A4F7556}") = "Formula1API", "Formula1API.csproj", "{AFA9673F-71CF-44A9-A6A0-15B39DB7A274}"
EndProject
Global
	GlobalSection(SolutionConfigurationPlatforms) = preSolution
		Debug|Any CPU = Debug|Any CPU
		Release|Any CPU = Release|Any CPU
	EndGlobalSection
	GlobalSection(ProjectConfigurationPlatforms) = postSolution
		{AFA9673F-71CF-44A9-A6A0-15B39DB7A274}.Debug|Any CPU.ActiveCfg = Debug|Any CPU
		{AFA9673F-71CF-44A9-A6A0-15B39DB7A274}.Debug|Any CPU.Build.0 = Debug|Any CPU
		{AFA9673F-71CF-44A9-A6A0-15B39DB7A274}.Release|Any CPU.ActiveCfg = Release|Any CPU
		{AFA9673F-71CF-44A9-A6A0-15B39DB7A274}.Release|Any CPU.Build.0 = Release|Any CPU
	EndGlobalSection
	GlobalSection(SolutionProperties) = preSolution
		HideSolutionNode = FALSE
	EndGlobalSection
	GlobalSection(ExtensibilityGlobals) = postSolution
		SolutionGuid = {834F9912-484B-47BE-8900-DED04FE338EB}
	EndGlobalSection
EndGlobal
